{
  "name": "gezhenghao-contact-server",
  "version": "1.0.0",
  "lockfileVersion": 3,
  "requires": true,
  "packages": {
    "": {
      "name": "gezhenghao-contact-server",
      "version": "1.0.0",
      "dependencies": {
        "nodemailer": "^10.0.13"
      }
    },
    "node_modules/nodemailer": {
      "version": "10.0.13",
      "resolved": "https://registry.npmjs.org/nodemailer/-/nodemailer-10.0.13.tgz",
      "integrity": "sha512-SzG86OlvcW/NNhUFC6uROMwRTL4n7MswfQqC/T8mhkmnY1YVa23zUEMYi4ijSeXSl9GLz9ZeTJDUatEDuY5FeQ==",
      "license": "MIT-0",
      "engines": {
        "node": ">=20.0.0"
      }
    }
  }
}
